
Microsoft Visual Studio Solution File, Format Version 12.00
# Visual Studio 15
VisualStudioVersion = 15.0.28010.2041
MinimumVisualStudioVersion = 10.0.40219.1
Project("{FAE04EC0-301F-11D3-BF4B-00C04F79EFBC}") = "AcademyExamination_Affiong", "AcademyExamination_Affiong\AcademyExamination_Affiong.csproj", "{48E4502C-21D3-45C7-954E-3E74E70E0093}"
EndProject
Project("{FAE04EC0-301F-11D3-BF4B-00C04F79EFBC}") = "DataAcessLibrary", "DataAcessLibrary\DataAcessLibrary.csproj", "{CEC617A8-CAF8-4674-9F7C-3413D2D727A0}"
EndProject
Global
	GlobalSection(SolutionConfigurationPlatforms) = preSolution
		Debug|Any CPU = Debug|Any CPU
		Release|Any CPU = Release|Any CPU
	EndGlobalSection
	GlobalSection(ProjectConfigurationPlatforms) = postSolution
		{48E4502C-21D3-45C7-954E-3E74E70E0093}.Debug|Any CPU.ActiveCfg = Debug|Any CPU
		{48E4502C-21D3-45C7-954E-3E74E70E0093}.Debug|Any CPU.Build.0 = Debug|Any CPU
		{48E4502C-21D3-45C7-954E-3E74E70E0093}.Release|Any CPU.ActiveCfg = Release|Any CPU
		{48E4502C-21D3-45C7-954E-3E74E70E0093}.Release|Any CPU.Build.0 = Release|Any CPU
		{CEC617A8-CAF8-4674-9F7C-3413D2D727A0}.Debug|Any CPU.ActiveCfg = Debug|Any CPU
		{CEC617A8-CAF8-4674-9F7C-3413D2D727A0}.Debug|Any CPU.Build.0 = Debug|Any CPU
		{CEC617A8-CAF8-4674-9F7C-3413D2D727A0}.Release|Any CPU.ActiveCfg = Release|Any CPU
		{CEC617A8-CAF8-4674-9F7C-3413D2D727A0}.Release|Any CPU.Build.0 = Release|Any CPU
	EndGlobalSection
	GlobalSection(SolutionProperties) = preSolution
		HideSolutionNode = FALSE
	EndGlobalSection
	GlobalSection(ExtensibilityGlobals) = postSolution
		SolutionGuid = {CAF0FD50-EE5A-491F-9E19-4DF92263EF74}
	EndGlobalSection
EndGlobal
